
Microsoft Visual Studio Solution File, Format Version 12.00
# Visual Studio Version 17
VisualStudioVersion = 17.11.35312.102
MinimumVisualStudioVersion = 10.0.40219.1
Project("{FAE04EC0-301F-11D3-BF4B-00C04F79EFBC}") = "FlappyBirdGame", "FlappyBirdGame\FlappyBirdGame.csproj", "{0206BD00-2411-4877-8139-147327584633}"
EndProject
Global
	GlobalSection(SolutionConfigurationPlatforms) = preSolution
		Debug|Any CPU = Debug|Any CPU
		Release|Any CPU = Release|Any CPU
	EndGlobalSection
	GlobalSection(ProjectConfigurationPlatforms) = postSolution
		{0206BD00-2411-4877-8139-147327584633}.Debug|Any CPU.ActiveCfg = Debug|Any CPU
		{0206BD00-2411-4877-8139-147327584633}.Debug|Any CPU.Build.0 = Debug|Any CPU
		{0206BD00-2411-4877-8139-147327584633}.Release|Any CPU.ActiveCfg = Release|Any CPU
		{0206BD00-2411-4877-8139-147327584633}.Release|Any CPU.Build.0 = Release|Any CPU
	EndGlobalSection
	GlobalSection(SolutionProperties) = preSolution
		HideSolutionNode = FALSE
	EndGlobalSection
	GlobalSection(ExtensibilityGlobals) = postSolution
		SolutionGuid = {33623DED-9F15-4BD4-B91F-CBCEC4D3437C}
	EndGlobalSection
EndGlobal
